# THIS IS AN AUTOGENERATED FILE. DO NOT EDIT THIS FILE DIRECTLY.
# yarn lockfile v1


vue-picker-mobile@^0.1.99:
  version "0.1.99"
  resolved "https://registry.yarnpkg.com/vue-picker-mobile/-/vue-picker-mobile-0.1.99.tgz#a31fc523f80709f06193fb7f4ff0e36168c8e005"
  integrity sha512-SV8pcZ9ApxVrJbkEKA9R2f2n44T6Bc3Ke21aqqCJL4oz/CIWeL9qBb6gIrdZbwl4n07Tdkdd7bwYagoHkFcdTw==

vue@^2.6.12:
  version "2.6.12"
  resolved "https://registry.yarnpkg.com/vue/-/vue-2.6.12.tgz#f5ebd4fa6bd2869403e29a896aed4904456c9123"
  integrity sha512-uhmLFETqPPNyuLLbsKz6ioJ4q7AZHzD8ZVFNATNyICSZouqP2Sz0rotWQC8UNBF6VGSCs5abnKJoStA6JbCbfg==
